
Microsoft Visual Studio Solution File, Format Version 12.00
# Visual Studio Version 17
VisualStudioVersion = 17.5.33627.172
MinimumVisualStudioVersion = 10.0.40219.1
Project("{FAE04EC0-301F-11D3-BF4B-00C04F79EFBC}") = "zadanie 1", "zadanie 1\zadanie 1.csproj", "{CECC935B-2393-4719-A806-0D5CCB1815FD}"
EndProject
Global
	GlobalSection(SolutionConfigurationPlatforms) = preSolution
		Debug|Any CPU = Debug|Any CPU
		Release|Any CPU = Release|Any CPU
	EndGlobalSection
	GlobalSection(ProjectConfigurationPlatforms) = postSolution
		{CECC935B-2393-4719-A806-0D5CCB1815FD}.Debug|Any CPU.ActiveCfg = Debug|Any CPU
		{CECC935B-2393-4719-A806-0D5CCB1815FD}.Debug|Any CPU.Build.0 = Debug|Any CPU
		{CECC935B-2393-4719-A806-0D5CCB1815FD}.Release|Any CPU.ActiveCfg = Release|Any CPU
		{CECC935B-2393-4719-A806-0D5CCB1815FD}.Release|Any CPU.Build.0 = Release|Any CPU
	EndGlobalSection
	GlobalSection(SolutionProperties) = preSolution
		HideSolutionNode = FALSE
	EndGlobalSection
	GlobalSection(ExtensibilityGlobals) = postSolution
		SolutionGuid = {715D798F-E388-46E0-970F-52EB910F5EA2}
	EndGlobalSection
EndGlobal
