
Microsoft Visual Studio Solution File, Format Version 12.00
# Visual Studio Version 17
VisualStudioVersion = 17.5.33627.172
MinimumVisualStudioVersion = 10.0.40219.1
Project("{FAE04EC0-301F-11D3-BF4B-00C04F79EFBC}") = "zadanie 3", "zadanie 3\zadanie 3.csproj", "{08C822D7-CE08-40C2-A1BB-19641754CC3A}"
EndProject
Global
	GlobalSection(SolutionConfigurationPlatforms) = preSolution
		Debug|Any CPU = Debug|Any CPU
		Release|Any CPU = Release|Any CPU
	EndGlobalSection
	GlobalSection(ProjectConfigurationPlatforms) = postSolution
		{08C822D7-CE08-40C2-A1BB-19641754CC3A}.Debug|Any CPU.ActiveCfg = Debug|Any CPU
		{08C822D7-CE08-40C2-A1BB-19641754CC3A}.Debug|Any CPU.Build.0 = Debug|Any CPU
		{08C822D7-CE08-40C2-A1BB-19641754CC3A}.Release|Any CPU.ActiveCfg = Release|Any CPU
		{08C822D7-CE08-40C2-A1BB-19641754CC3A}.Release|Any CPU.Build.0 = Release|Any CPU
	EndGlobalSection
	GlobalSection(SolutionProperties) = preSolution
		HideSolutionNode = FALSE
	EndGlobalSection
	GlobalSection(ExtensibilityGlobals) = postSolution
		SolutionGuid = {E566082F-6C13-4BBC-9D68-DAEE6D298A64}
	EndGlobalSection
EndGlobal
